{
  "version": 1,
  "dependencies": {
    "net8.0-windows7.0": {
      "System.Security.Cryptography.ProtectedData": {
        "type": "Direct",
        "requested": "[8.0.0, )",
        "resolved": "8.0.0",
        "contentHash": "+TUFINV2q2ifyXauQXRwy4CiBhqvDEDZeVJU7qfxya4aRYOKzVBpN+4acx25VcPB9ywUN6C0n8drWl110PhZEg=="
      },
      "Zeroconf": {
        "type": "Direct",
        "requested": "[3.7.16, )",
        "resolved": "3.7.16",
        "contentHash": "7NrPhT8r6a76TYVIuT0jSjLrWdwFNY0GaX1VWB6WVtI+4s3E+5Skd4IASjtEG6HFxWM4dbwPA5CpUCSFWmoYUg==",
        "dependencies": {
          "System.Reactive": "5.0.0"
        }
      },
      "System.Reactive": {
        "type": "Transitive",
        "resolved": "5.0.0",
        "contentHash": "erBZjkQHWL9jpasCE/0qKAryzVBJFxGHVBAvgRN1bzM0q2s1S4oYREEEL0Vb+1kA/6BKb5FjUZMp5VXmy+gzkQ=="
      },
      "oplfleetagent.core": {
        "type": "Project"
      }
    },
    "net8.0-windows7.0/win-x64": {}
  }
}